
Microsoft Visual Studio Solution File, Format Version 12.00
# Visual Studio Version 17
VisualStudioVersion = 17.4.33103.184
MinimumVisualStudioVersion = 10.0.40219.1
Project("{FAE04EC0-301F-11D3-BF4B-00C04F79EFBC}") = "1071", "1071\1071.csproj", "{8908469B-8BD8-4EA5-B6E1-47907FE27F01}"
EndProject
Global
	GlobalSection(SolutionConfigurationPlatforms) = preSolution
		Debug|Any CPU = Debug|Any CPU
		Release|Any CPU = Release|Any CPU
	EndGlobalSection
	GlobalSection(ProjectConfigurationPlatforms) = postSolution
		{8908469B-8BD8-4EA5-B6E1-47907FE27F01}.Debug|Any CPU.ActiveCfg = Debug|Any CPU
		{8908469B-8BD8-4EA5-B6E1-47907FE27F01}.Debug|Any CPU.Build.0 = Debug|Any CPU
		{8908469B-8BD8-4EA5-B6E1-47907FE27F01}.Release|Any CPU.ActiveCfg = Release|Any CPU
		{8908469B-8BD8-4EA5-B6E1-47907FE27F01}.Release|Any CPU.Build.0 = Release|Any CPU
	EndGlobalSection
	GlobalSection(SolutionProperties) = preSolution
		HideSolutionNode = FALSE
	EndGlobalSection
	GlobalSection(ExtensibilityGlobals) = postSolution
		SolutionGuid = {50AB4937-F42C-4AFF-AE87-2B0F9733BFB4}
	EndGlobalSection
EndGlobal
