
Microsoft Visual Studio Solution File, Format Version 12.00
# Visual Studio Version 17
VisualStudioVersion = 17.4.33103.184
MinimumVisualStudioVersion = 10.0.40219.1
Project("{FAE04EC0-301F-11D3-BF4B-00C04F79EFBC}") = "1004SimpleProduct", "1004SimpleProduct\1004SimpleProduct.csproj", "{A549C4D7-261D-4000-A6CB-A10F091D17FD}"
EndProject
Global
	GlobalSection(SolutionConfigurationPlatforms) = preSolution
		Debug|Any CPU = Debug|Any CPU
		Release|Any CPU = Release|Any CPU
	EndGlobalSection
	GlobalSection(ProjectConfigurationPlatforms) = postSolution
		{A549C4D7-261D-4000-A6CB-A10F091D17FD}.Debug|Any CPU.ActiveCfg = Debug|Any CPU
		{A549C4D7-261D-4000-A6CB-A10F091D17FD}.Debug|Any CPU.Build.0 = Debug|Any CPU
		{A549C4D7-261D-4000-A6CB-A10F091D17FD}.Release|Any CPU.ActiveCfg = Release|Any CPU
		{A549C4D7-261D-4000-A6CB-A10F091D17FD}.Release|Any CPU.Build.0 = Release|Any CPU
	EndGlobalSection
	GlobalSection(SolutionProperties) = preSolution
		HideSolutionNode = FALSE
	EndGlobalSection
	GlobalSection(ExtensibilityGlobals) = postSolution
		SolutionGuid = {FABB4C62-D481-4C9F-BF13-0FF117283318}
	EndGlobalSection
EndGlobal
