
Microsoft Visual Studio Solution File, Format Version 12.00
# Visual Studio Version 17
VisualStudioVersion = 17.4.33103.184
MinimumVisualStudioVersion = 10.0.40219.1
Project("{FAE04EC0-301F-11D3-BF4B-00C04F79EFBC}") = "1044Multiples", "1044Multiples\1044Multiples.csproj", "{8F02BFC3-6D3C-488A-9280-F8CAEB517979}"
EndProject
Global
	GlobalSection(SolutionConfigurationPlatforms) = preSolution
		Debug|Any CPU = Debug|Any CPU
		Release|Any CPU = Release|Any CPU
	EndGlobalSection
	GlobalSection(ProjectConfigurationPlatforms) = postSolution
		{8F02BFC3-6D3C-488A-9280-F8CAEB517979}.Debug|Any CPU.ActiveCfg = Debug|Any CPU
		{8F02BFC3-6D3C-488A-9280-F8CAEB517979}.Debug|Any CPU.Build.0 = Debug|Any CPU
		{8F02BFC3-6D3C-488A-9280-F8CAEB517979}.Release|Any CPU.ActiveCfg = Release|Any CPU
		{8F02BFC3-6D3C-488A-9280-F8CAEB517979}.Release|Any CPU.Build.0 = Release|Any CPU
	EndGlobalSection
	GlobalSection(SolutionProperties) = preSolution
		HideSolutionNode = FALSE
	EndGlobalSection
	GlobalSection(ExtensibilityGlobals) = postSolution
		SolutionGuid = {A574405B-4913-4C01-AF0F-2808CFF98711}
	EndGlobalSection
EndGlobal
