
Microsoft Visual Studio Solution File, Format Version 12.00
# Visual Studio Version 17
VisualStudioVersion = 17.4.33103.184
MinimumVisualStudioVersion = 10.0.40219.1
Project("{FAE04EC0-301F-11D3-BF4B-00C04F79EFBC}") = "1049Animal", "1049Animal\1049Animal.csproj", "{7C3D489A-1FA3-4319-8FD7-C4B91E1634AA}"
EndProject
Global
	GlobalSection(SolutionConfigurationPlatforms) = preSolution
		Debug|Any CPU = Debug|Any CPU
		Release|Any CPU = Release|Any CPU
	EndGlobalSection
	GlobalSection(ProjectConfigurationPlatforms) = postSolution
		{7C3D489A-1FA3-4319-8FD7-C4B91E1634AA}.Debug|Any CPU.ActiveCfg = Debug|Any CPU
		{7C3D489A-1FA3-4319-8FD7-C4B91E1634AA}.Debug|Any CPU.Build.0 = Debug|Any CPU
		{7C3D489A-1FA3-4319-8FD7-C4B91E1634AA}.Release|Any CPU.ActiveCfg = Release|Any CPU
		{7C3D489A-1FA3-4319-8FD7-C4B91E1634AA}.Release|Any CPU.Build.0 = Release|Any CPU
	EndGlobalSection
	GlobalSection(SolutionProperties) = preSolution
		HideSolutionNode = FALSE
	EndGlobalSection
	GlobalSection(ExtensibilityGlobals) = postSolution
		SolutionGuid = {5A1C8D9E-82F0-458E-970D-E3D8002E3A93}
	EndGlobalSection
EndGlobal
