
Microsoft Visual Studio Solution File, Format Version 12.00
# Visual Studio Version 17
VisualStudioVersion = 17.4.33103.184
MinimumVisualStudioVersion = 10.0.40219.1
Project("{FAE04EC0-301F-11D3-BF4B-00C04F79EFBC}") = "1095SequenceIJ1", "1095SequenceIJ1\1095SequenceIJ1.csproj", "{EF9FE3B2-BF36-4638-8120-521B9B294104}"
EndProject
Global
	GlobalSection(SolutionConfigurationPlatforms) = preSolution
		Debug|Any CPU = Debug|Any CPU
		Release|Any CPU = Release|Any CPU
	EndGlobalSection
	GlobalSection(ProjectConfigurationPlatforms) = postSolution
		{EF9FE3B2-BF36-4638-8120-521B9B294104}.Debug|Any CPU.ActiveCfg = Debug|Any CPU
		{EF9FE3B2-BF36-4638-8120-521B9B294104}.Debug|Any CPU.Build.0 = Debug|Any CPU
		{EF9FE3B2-BF36-4638-8120-521B9B294104}.Release|Any CPU.ActiveCfg = Release|Any CPU
		{EF9FE3B2-BF36-4638-8120-521B9B294104}.Release|Any CPU.Build.0 = Release|Any CPU
	EndGlobalSection
	GlobalSection(SolutionProperties) = preSolution
		HideSolutionNode = FALSE
	EndGlobalSection
	GlobalSection(ExtensibilityGlobals) = postSolution
		SolutionGuid = {7965B434-DA1D-4543-9B50-22421B3ABD12}
	EndGlobalSection
EndGlobal
