
Microsoft Visual Studio Solution File, Format Version 12.00
# Visual Studio Version 17
VisualStudioVersion = 17.4.33103.184
MinimumVisualStudioVersion = 10.0.40219.1
Project("{FAE04EC0-301F-11D3-BF4B-00C04F79EFBC}") = "1013Maior", "1013Maior\1013Maior.csproj", "{8116EC66-DFCF-4808-B3A8-E720ACFA071A}"
EndProject
Global
	GlobalSection(SolutionConfigurationPlatforms) = preSolution
		Debug|Any CPU = Debug|Any CPU
		Release|Any CPU = Release|Any CPU
	EndGlobalSection
	GlobalSection(ProjectConfigurationPlatforms) = postSolution
		{8116EC66-DFCF-4808-B3A8-E720ACFA071A}.Debug|Any CPU.ActiveCfg = Debug|Any CPU
		{8116EC66-DFCF-4808-B3A8-E720ACFA071A}.Debug|Any CPU.Build.0 = Debug|Any CPU
		{8116EC66-DFCF-4808-B3A8-E720ACFA071A}.Release|Any CPU.ActiveCfg = Release|Any CPU
		{8116EC66-DFCF-4808-B3A8-E720ACFA071A}.Release|Any CPU.Build.0 = Release|Any CPU
	EndGlobalSection
	GlobalSection(SolutionProperties) = preSolution
		HideSolutionNode = FALSE
	EndGlobalSection
	GlobalSection(ExtensibilityGlobals) = postSolution
		SolutionGuid = {757FE56D-07E3-4E66-8185-9DFF35489B1D}
	EndGlobalSection
EndGlobal
