
Microsoft Visual Studio Solution File, Format Version 12.00
# Visual Studio Version 17
VisualStudioVersion = 17.4.33103.184
MinimumVisualStudioVersion = 10.0.40219.1
Project("{FAE04EC0-301F-11D3-BF4B-00C04F79EFBC}") = "1132MultiplesOf13", "1132MultiplesOf13\1132MultiplesOf13.csproj", "{3A16E3B4-7905-4635-AFD2-0CAEDF0AE387}"
EndProject
Global
	GlobalSection(SolutionConfigurationPlatforms) = preSolution
		Debug|Any CPU = Debug|Any CPU
		Release|Any CPU = Release|Any CPU
	EndGlobalSection
	GlobalSection(ProjectConfigurationPlatforms) = postSolution
		{3A16E3B4-7905-4635-AFD2-0CAEDF0AE387}.Debug|Any CPU.ActiveCfg = Debug|Any CPU
		{3A16E3B4-7905-4635-AFD2-0CAEDF0AE387}.Debug|Any CPU.Build.0 = Debug|Any CPU
		{3A16E3B4-7905-4635-AFD2-0CAEDF0AE387}.Release|Any CPU.ActiveCfg = Release|Any CPU
		{3A16E3B4-7905-4635-AFD2-0CAEDF0AE387}.Release|Any CPU.Build.0 = Release|Any CPU
	EndGlobalSection
	GlobalSection(SolutionProperties) = preSolution
		HideSolutionNode = FALSE
	EndGlobalSection
	GlobalSection(ExtensibilityGlobals) = postSolution
		SolutionGuid = {DC61E500-FA66-42B7-8D71-B939471378C4}
	EndGlobalSection
EndGlobal
