
Microsoft Visual Studio Solution File, Format Version 12.00
# Visual Studio Version 17
VisualStudioVersion = 17.4.33103.184
MinimumVisualStudioVersion = 10.0.40219.1
Project("{FAE04EC0-301F-11D3-BF4B-00C04F79EFBC}") = "1060PositiveNumbers", "1060PositiveNumbers\1060PositiveNumbers.csproj", "{4BD7FFE1-B055-4143-AAA3-01EC79C8113A}"
EndProject
Global
	GlobalSection(SolutionConfigurationPlatforms) = preSolution
		Debug|Any CPU = Debug|Any CPU
		Release|Any CPU = Release|Any CPU
	EndGlobalSection
	GlobalSection(ProjectConfigurationPlatforms) = postSolution
		{4BD7FFE1-B055-4143-AAA3-01EC79C8113A}.Debug|Any CPU.ActiveCfg = Debug|Any CPU
		{4BD7FFE1-B055-4143-AAA3-01EC79C8113A}.Debug|Any CPU.Build.0 = Debug|Any CPU
		{4BD7FFE1-B055-4143-AAA3-01EC79C8113A}.Release|Any CPU.ActiveCfg = Release|Any CPU
		{4BD7FFE1-B055-4143-AAA3-01EC79C8113A}.Release|Any CPU.Build.0 = Release|Any CPU
	EndGlobalSection
	GlobalSection(SolutionProperties) = preSolution
		HideSolutionNode = FALSE
	EndGlobalSection
	GlobalSection(ExtensibilityGlobals) = postSolution
		SolutionGuid = {4929D6DB-A79B-470F-BCDF-6DB22C9A4DB8}
	EndGlobalSection
EndGlobal
