
Microsoft Visual Studio Solution File, Format Version 12.00
# Visual Studio Version 17
VisualStudioVersion = 17.4.33103.184
MinimumVisualStudioVersion = 10.0.40219.1
Project("{FAE04EC0-301F-11D3-BF4B-00C04F79EFBC}") = "1020AgeInDays", "1020AgeInDays\1020AgeInDays.csproj", "{873A65ED-1951-427D-9094-F583B3E57E2C}"
EndProject
Global
	GlobalSection(SolutionConfigurationPlatforms) = preSolution
		Debug|Any CPU = Debug|Any CPU
		Release|Any CPU = Release|Any CPU
	EndGlobalSection
	GlobalSection(ProjectConfigurationPlatforms) = postSolution
		{873A65ED-1951-427D-9094-F583B3E57E2C}.Debug|Any CPU.ActiveCfg = Debug|Any CPU
		{873A65ED-1951-427D-9094-F583B3E57E2C}.Debug|Any CPU.Build.0 = Debug|Any CPU
		{873A65ED-1951-427D-9094-F583B3E57E2C}.Release|Any CPU.ActiveCfg = Release|Any CPU
		{873A65ED-1951-427D-9094-F583B3E57E2C}.Release|Any CPU.Build.0 = Release|Any CPU
	EndGlobalSection
	GlobalSection(SolutionProperties) = preSolution
		HideSolutionNode = FALSE
	EndGlobalSection
	GlobalSection(ExtensibilityGlobals) = postSolution
		SolutionGuid = {72348348-BE42-4972-B950-496EF7026BDE}
	EndGlobalSection
EndGlobal
