
Microsoft Visual Studio Solution File, Format Version 12.00
# Visual Studio Version 17
VisualStudioVersion = 17.4.33103.184
MinimumVisualStudioVersion = 10.0.40219.1
Project("{FAE04EC0-301F-11D3-BF4B-00C04F79EFBC}") = "1114FixedPassword", "1114FixedPassword\1114FixedPassword.csproj", "{7963BC44-D182-4B74-A35A-9280E8D1208C}"
EndProject
Global
	GlobalSection(SolutionConfigurationPlatforms) = preSolution
		Debug|Any CPU = Debug|Any CPU
		Release|Any CPU = Release|Any CPU
	EndGlobalSection
	GlobalSection(ProjectConfigurationPlatforms) = postSolution
		{7963BC44-D182-4B74-A35A-9280E8D1208C}.Debug|Any CPU.ActiveCfg = Debug|Any CPU
		{7963BC44-D182-4B74-A35A-9280E8D1208C}.Debug|Any CPU.Build.0 = Debug|Any CPU
		{7963BC44-D182-4B74-A35A-9280E8D1208C}.Release|Any CPU.ActiveCfg = Release|Any CPU
		{7963BC44-D182-4B74-A35A-9280E8D1208C}.Release|Any CPU.Build.0 = Release|Any CPU
	EndGlobalSection
	GlobalSection(SolutionProperties) = preSolution
		HideSolutionNode = FALSE
	EndGlobalSection
	GlobalSection(ExtensibilityGlobals) = postSolution
		SolutionGuid = {5153976D-5005-4EEF-B16A-9680A3C0E1E2}
	EndGlobalSection
EndGlobal
