
Microsoft Visual Studio Solution File, Format Version 12.00
# Visual Studio Version 17
VisualStudioVersion = 17.4.33103.184
MinimumVisualStudioVersion = 10.0.40219.1
Project("{FAE04EC0-301F-11D3-BF4B-00C04F79EFBC}") = "1075RemainingII", "1075RemainingII\1075RemainingII.csproj", "{DA1CD282-1C49-4CCD-A565-0623F7752E18}"
EndProject
Global
	GlobalSection(SolutionConfigurationPlatforms) = preSolution
		Debug|Any CPU = Debug|Any CPU
		Release|Any CPU = Release|Any CPU
	EndGlobalSection
	GlobalSection(ProjectConfigurationPlatforms) = postSolution
		{DA1CD282-1C49-4CCD-A565-0623F7752E18}.Debug|Any CPU.ActiveCfg = Debug|Any CPU
		{DA1CD282-1C49-4CCD-A565-0623F7752E18}.Debug|Any CPU.Build.0 = Debug|Any CPU
		{DA1CD282-1C49-4CCD-A565-0623F7752E18}.Release|Any CPU.ActiveCfg = Release|Any CPU
		{DA1CD282-1C49-4CCD-A565-0623F7752E18}.Release|Any CPU.Build.0 = Release|Any CPU
	EndGlobalSection
	GlobalSection(SolutionProperties) = preSolution
		HideSolutionNode = FALSE
	EndGlobalSection
	GlobalSection(ExtensibilityGlobals) = postSolution
		SolutionGuid = {3B3A7A34-AB73-4D48-BD13-ACCFF356F241}
	EndGlobalSection
EndGlobal
