
Microsoft Visual Studio Solution File, Format Version 12.00
# Visual Studio Version 17
VisualStudioVersion = 17.4.33103.184
MinimumVisualStudioVersion = 10.0.40219.1
Project("{FAE04EC0-301F-11D3-BF4B-00C04F79EFBC}") = "1035SelectionTest1", "1035SelectionTest1\1035SelectionTest1.csproj", "{A168DC7A-9BB3-4D13-AA61-A5283592C702}"
EndProject
Global
	GlobalSection(SolutionConfigurationPlatforms) = preSolution
		Debug|Any CPU = Debug|Any CPU
		Release|Any CPU = Release|Any CPU
	EndGlobalSection
	GlobalSection(ProjectConfigurationPlatforms) = postSolution
		{A168DC7A-9BB3-4D13-AA61-A5283592C702}.Debug|Any CPU.ActiveCfg = Debug|Any CPU
		{A168DC7A-9BB3-4D13-AA61-A5283592C702}.Debug|Any CPU.Build.0 = Debug|Any CPU
		{A168DC7A-9BB3-4D13-AA61-A5283592C702}.Release|Any CPU.ActiveCfg = Release|Any CPU
		{A168DC7A-9BB3-4D13-AA61-A5283592C702}.Release|Any CPU.Build.0 = Release|Any CPU
	EndGlobalSection
	GlobalSection(SolutionProperties) = preSolution
		HideSolutionNode = FALSE
	EndGlobalSection
	GlobalSection(ExtensibilityGlobals) = postSolution
		SolutionGuid = {BF022C57-6794-4E0E-AB48-2AA35A6BD15A}
	EndGlobalSection
EndGlobal
