
Microsoft Visual Studio Solution File, Format Version 12.00
# Visual Studio Version 17
VisualStudioVersion = 17.4.33103.184
MinimumVisualStudioVersion = 10.0.40219.1
Project("{FAE04EC0-301F-11D3-BF4B-00C04F79EFBC}") = "1006Average2", "1006Average2\1006Average2.csproj", "{A542FD32-E41F-474E-834D-8D5903049BBA}"
EndProject
Global
	GlobalSection(SolutionConfigurationPlatforms) = preSolution
		Debug|Any CPU = Debug|Any CPU
		Release|Any CPU = Release|Any CPU
	EndGlobalSection
	GlobalSection(ProjectConfigurationPlatforms) = postSolution
		{A542FD32-E41F-474E-834D-8D5903049BBA}.Debug|Any CPU.ActiveCfg = Debug|Any CPU
		{A542FD32-E41F-474E-834D-8D5903049BBA}.Debug|Any CPU.Build.0 = Debug|Any CPU
		{A542FD32-E41F-474E-834D-8D5903049BBA}.Release|Any CPU.ActiveCfg = Release|Any CPU
		{A542FD32-E41F-474E-834D-8D5903049BBA}.Release|Any CPU.Build.0 = Release|Any CPU
	EndGlobalSection
	GlobalSection(SolutionProperties) = preSolution
		HideSolutionNode = FALSE
	EndGlobalSection
	GlobalSection(ExtensibilityGlobals) = postSolution
		SolutionGuid = {C4B8FA20-64F9-48F2-882D-CC789B8EF768}
	EndGlobalSection
EndGlobal
