
Microsoft Visual Studio Solution File, Format Version 12.00
# Visual Studio Version 17
VisualStudioVersion = 17.4.33103.184
MinimumVisualStudioVersion = 10.0.40219.1
Project("{FAE04EC0-301F-11D3-BF4B-00C04F79EFBC}") = "1073EvenSquare", "1073EvenSquare\1073EvenSquare.csproj", "{FC55D498-029C-418B-BE89-2C2AFBDE4A9F}"
EndProject
Global
	GlobalSection(SolutionConfigurationPlatforms) = preSolution
		Debug|Any CPU = Debug|Any CPU
		Release|Any CPU = Release|Any CPU
	EndGlobalSection
	GlobalSection(ProjectConfigurationPlatforms) = postSolution
		{FC55D498-029C-418B-BE89-2C2AFBDE4A9F}.Debug|Any CPU.ActiveCfg = Debug|Any CPU
		{FC55D498-029C-418B-BE89-2C2AFBDE4A9F}.Debug|Any CPU.Build.0 = Debug|Any CPU
		{FC55D498-029C-418B-BE89-2C2AFBDE4A9F}.Release|Any CPU.ActiveCfg = Release|Any CPU
		{FC55D498-029C-418B-BE89-2C2AFBDE4A9F}.Release|Any CPU.Build.0 = Release|Any CPU
	EndGlobalSection
	GlobalSection(SolutionProperties) = preSolution
		HideSolutionNode = FALSE
	EndGlobalSection
	GlobalSection(ExtensibilityGlobals) = postSolution
		SolutionGuid = {CF58BE42-A1CA-46C7-ADB5-20CCFBECADE1}
	EndGlobalSection
EndGlobal
