
Microsoft Visual Studio Solution File, Format Version 12.00
# Visual Studio Version 17
VisualStudioVersion = 17.4.33103.184
MinimumVisualStudioVersion = 10.0.40219.1
Project("{FAE04EC0-301F-11D3-BF4B-00C04F79EFBC}") = "1097SequenceIJ3", "1097SequenceIJ3\1097SequenceIJ3.csproj", "{7DC81572-52B4-46AB-B629-4E4681FEF34A}"
EndProject
Global
	GlobalSection(SolutionConfigurationPlatforms) = preSolution
		Debug|Any CPU = Debug|Any CPU
		Release|Any CPU = Release|Any CPU
	EndGlobalSection
	GlobalSection(ProjectConfigurationPlatforms) = postSolution
		{7DC81572-52B4-46AB-B629-4E4681FEF34A}.Debug|Any CPU.ActiveCfg = Debug|Any CPU
		{7DC81572-52B4-46AB-B629-4E4681FEF34A}.Debug|Any CPU.Build.0 = Debug|Any CPU
		{7DC81572-52B4-46AB-B629-4E4681FEF34A}.Release|Any CPU.ActiveCfg = Release|Any CPU
		{7DC81572-52B4-46AB-B629-4E4681FEF34A}.Release|Any CPU.Build.0 = Release|Any CPU
	EndGlobalSection
	GlobalSection(SolutionProperties) = preSolution
		HideSolutionNode = FALSE
	EndGlobalSection
	GlobalSection(ExtensibilityGlobals) = postSolution
		SolutionGuid = {EAE250B1-8C46-4651-9654-5C4F80D4533B}
	EndGlobalSection
EndGlobal
